{
  "lockfileVersion": 1,
  "configVersion": 1,
  "workspaces": {
    "": {
      "name": "surge-merge",
      "dependencies": {
        "@valibot/to-json-schema": "^1.7.0",
        "argc": "github:ethan-huo/argc#v7.6.1",
        "valibot": "^1.4.1",
        "yaml": "^2.9.0",
      },
      "devDependencies": {
        "@types/bun": "^1.3.14",
        "@typescript/native-preview": "^7.0.0-dev.20260603.1",
        "oxfmt": "^0.53.0",
        "typescript": "npm:@typescript/typescript6@^6.0.1",
      },
    },
  },
  "packages": {
    "@emnapi/core": ["@emnapi/core@1.11.1", "", { "dependencies": { "@emnapi/wasi-threads": "1.2.2", "tslib": "^2.4.0" } }, "sha512-RSvbQmHzdKzNsLYa/wHrbc3KN4sYLKAdPZxqiM2HATqv/SBk2/ENSHpvXGaLOMcsAyz0poEGqkmmKYG3OWiJEQ=="],

    "@emnapi/runtime": ["@emnapi/runtime@1.11.1", "", { "dependencies": { "tslib": "^2.4.0" } }, "sha512-vgj7R3y3Wgx24IQaGPA/R6YFXLHVMOZ0uVEyIQPaWs+rd1AzfEMXlAC22FYwO1XkKR6NPsq7mUandH8oIRdZFw=="],

    "@emnapi/wasi-threads": ["@emnapi/wasi-threads@1.2.2", "", { "dependencies": { "tslib": "^2.4.0" } }, "sha512-c95qOXkHdydNKhscBTebqEC1CVAZpyqOfVfBzQ1qgzyl3gfeldUjIggDbIZgDKsHLgnsM+igH7TJ/eAasaVuMA=="],

    "@napi-rs/wasm-runtime": ["@napi-rs/wasm-runtime@1.1.6", "", { "dependencies": { "@tybys/wasm-util": "^0.10.3" }, "peerDependencies": { "@emnapi/core": "^1.7.1", "@emnapi/runtime": "^1.7.1" } }, "sha512-ZLv/JdUfkvOy9eCnnBaGfiO+XimbjebAeO+MRQqD/B+FR1tnRN0tpKSJHRbE8sFfS6aqsXZ67TQjfwfsxULVbg=="],

    "@oxc-parser/binding-android-arm-eabi": ["@oxc-parser/binding-android-arm-eabi@0.137.0", "", { "os": "android", "cpu": "arm" }, "sha512-KDs+0VPdEmasOkpuJHW9V5WCF+cvYdMQv2Jd+aJXt+cxIx12NToRQRbXaRwUEDsZw+/jMk81Ve8ZFbjUkJTOwA=="],

    "@oxc-parser/binding-android-arm64": ["@oxc-parser/binding-android-arm64@0.137.0", "", { "os": "android", "cpu": "arm64" }, "sha512-WhALNzfy3x/RfC6bsqX+csavuUY0yHHE7XfgPE5M542uhoBZUUoGTPG+nkMbGoG4+gcfss5s7urMyn5QBHu0sw=="],

    "@oxc-parser/binding-darwin-arm64": ["@oxc-parser/binding-darwin-arm64@0.137.0", "", { "os": "darwin", "cpu": "arm64" }, "sha512-bFPr5hgmNMOMoyPTGtdsK4Ug21RovIPojRMgDDhSp1LtCnc/DkLwGONKjgRjszg677RlGnkYSviQ8hHaUPOVYA=="],

    "@oxc-parser/binding-darwin-x64": ["@oxc-parser/binding-darwin-x64@0.137.0", "", { "os": "darwin", "cpu": "x64" }, "sha512-CL5dMm1asqXIDZHg14FLxj3Mc36w8PI7xCWh1uA4is6z8g2XrIILoTcQYOxDbwzuk34RDPX5IAGUxZr6LA9KAg=="],

    "@oxc-parser/binding-freebsd-x64": ["@oxc-parser/binding-freebsd-x64@0.137.0", "", { "os": "freebsd", "cpu": "x64" }, "sha512-79h8rYGnSlKPGWo7mHr2ixO6ea7aW8B0CT965SZ8SLbNnCOH5aOYBTeVXUY6eMvEaiLyWr8Skuiugr5pDYgLGw=="],

    "@oxc-parser/binding-linux-arm-gnueabihf": ["@oxc-parser/binding-linux-arm-gnueabihf@0.137.0", "", { "os": "linux", "cpu": "arm" }, "sha512-ASgmlSimhGyr0lksgVIo6hibz1obnDq4qJbiMX/AzltfgPnanRrzG1Q+23g8ljOHOjv6dsznkUuCYL3gg0sY1Q=="],

    "@oxc-parser/binding-linux-arm-musleabihf": ["@oxc-parser/binding-linux-arm-musleabihf@0.137.0", "", { "os": "linux", "cpu": "arm" }, "sha512-AU2J9aa22Sx32wRGnDjybOU9TQXXQUud5sdUi+ZB0XxwM8aToWLweV+yA0wlQm0yIUVqljquqoHCYEq9II8gJQ=="],

    "@oxc-parser/binding-linux-arm64-gnu": ["@oxc-parser/binding-linux-arm64-gnu@0.137.0", "", { "os": "linux", "cpu": "arm64" }, "sha512-GdEtiG89yMr7XkUGxifgodXEEm2f+xW2f9CpDjlgAnBOwhTmrpQMvhOGobLVKUyzf/qHBXW16smk5zbF3nZU6w=="],

    "@oxc-parser/binding-linux-arm64-musl": ["@oxc-parser/binding-linux-arm64-musl@0.137.0", "", { "os": "linux", "cpu": "arm64" }, "sha512-EGJ+Bs8iXx8KBH8DQ5BLoEm5lnHaYjlh4/8j8vFhrr/6z4tqONy5BZDzLpKmmNWlN6Hlc5r8YOuBVHqZ9vRFEQ=="],

    "@oxc-parser/binding-linux-ppc64-gnu": ["@oxc-parser/binding-linux-ppc64-gnu@0.137.0", "", { "os": "linux", "cpu": "ppc64" }, "sha512-vzFUQENy/fnbSe5DZWovq6tIBc1uhuMztanSW6rz1e9WdQE4gHwYuD7ZII6JnrJifd1R3RSoqiZbgRFlVL2tYQ=="],

    "@oxc-parser/binding-linux-riscv64-gnu": ["@oxc-parser/binding-linux-riscv64-gnu@0.137.0", "", { "os": "linux", "cpu": "none" }, "sha512-SfVI14HBQs9gtLcUD5hTt5hsNbdrqSUNg9S8muN+LhVQ5nf1WwH3hAoK6B9NKgdYgWAQSXFXGiiBedQ4r/BKuw=="],

    "@oxc-parser/binding-linux-riscv64-musl": ["@oxc-parser/binding-linux-riscv64-musl@0.137.0", "", { "os": "linux", "cpu": "none" }, "sha512-e7Ppy4FCIFNQxT/ikSeIWFoQ0l+N9vgtRBtLcyZXeolTzApyVoPqEXsYPrcdM/9i0Bwk8knvYd37vaEMxHyi6g=="],

    "@oxc-parser/binding-linux-s390x-gnu": ["@oxc-parser/binding-linux-s390x-gnu@0.137.0", "", { "os": "linux", "cpu": "s390x" }, "sha512-Bho5qFwdhqsIFR7gipYEUlqvi3SRrY8sugxXig380MIaakBB1PyU9+7dBiBVScfImTNWhijUxdBwqrprGdq5WA=="],

    "@oxc-parser/binding-linux-x64-gnu": ["@oxc-parser/binding-linux-x64-gnu@0.137.0", "", { "os": "linux", "cpu": "x64" }, "sha512-36mGWtg7PyFzjJwGDkH6/F4o2nIDEoKXLPr/X/lwqklkomQwJJt1I5GJVmGhovUEmgPK5WAeAZMqlFCehwiy9Q=="],

    "@oxc-parser/binding-linux-x64-musl": ["@oxc-parser/binding-linux-x64-musl@0.137.0", "", { "os": "linux", "cpu": "x64" }, "sha512-/Jqx6+N7A44n2BdvUr7pXhVr2vFjs6WGH3unZRczwrfiH0H1zY0QwKQMG/dtRiTlKGDKGukznPT8lx84/oEsZg=="],

    "@oxc-parser/binding-openharmony-arm64": ["@oxc-parser/binding-openharmony-arm64@0.137.0", "", { "os": "none", "cpu": "arm64" }, "sha512-9Uj0qHNNl+OgT1UTGwF7ixIXU6T1u2SbMidmgPy/h1h/fl2gRS6YpAxxY1gwHofcWjoTwkoMFd8xs5Vuj6GOFA=="],

    "@oxc-parser/binding-wasm32-wasi": ["@oxc-parser/binding-wasm32-wasi@0.137.0", "", { "dependencies": { "@emnapi/core": "1.11.1", "@emnapi/runtime": "1.11.1", "@napi-rs/wasm-runtime": "^1.1.5" }, "cpu": "none" }, "sha512-gW2vfkytNGgMVADiuzdvOfw0mWG9za20F/1fCJsif5aBMAvWJTSbpIXbIe0XkOe0VENk+PadpQ7cZgUy2sUJcA=="],

    "@oxc-parser/binding-win32-arm64-msvc": ["@oxc-parser/binding-win32-arm64-msvc@0.137.0", "", { "os": "win32", "cpu": "arm64" }, "sha512-x+pFANF0yL5uK/6T7lu6SlR5qid6sp//eZXKLq5iNsIE+EQg6EaS8/wsW7E91nXXjpnPhSoMOHXShSVhGRdn8w=="],

    "@oxc-parser/binding-win32-ia32-msvc": ["@oxc-parser/binding-win32-ia32-msvc@0.137.0", "", { "os": "win32", "cpu": "ia32" }, "sha512-sQUqym80PFi6McRsIqfJrSu2JrSClEZIXXD+/FjAFoULEKzOPsldIdFBG96xdX8aVMzCNQ9792FPx3MfkEIrFA=="],

    "@oxc-parser/binding-win32-x64-msvc": ["@oxc-parser/binding-win32-x64-msvc@0.137.0", "", { "os": "win32", "cpu": "x64" }, "sha512-2AsevxlvNN4WKxpEn3RtqD5zbqMaXF+T7JXblsP4gVuY+vC9dXS4ED/PwfRCliFqoeisYS3Iro4DHzxr0TEvVA=="],

    "@oxc-project/types": ["@oxc-project/types@0.137.0", "", {}, "sha512-WT+Gb24i8hmvo85AIv2oEYouEXkRlKAlT9WaCa3TfLgNCN+GhrJOGZuIlMouAh38Qe4QOx26eUOVsq70qXrywA=="],

    "@oxfmt/binding-android-arm-eabi": ["@oxfmt/binding-android-arm-eabi@0.53.0", "", { "os": "android", "cpu": "arm" }, "sha512-XfVM8AmIovBTKXCt14Op5wbfcoM8418nttd+nhMgM3RAVaJg1MtJc73FyWfUt0oxLyBGVwfniNVUsbV/b3VmPg=="],

    "@oxfmt/binding-android-arm64": ["@oxfmt/binding-android-arm64@0.53.0", "", { "os": "android", "cpu": "arm64" }, "sha512-btHDfXckwdf9zgyAVznfZkf+GVyB0I1m1hlvaOMRx2xoyz3hphfPX97s89J3wfCN8QBETLtk4lQUaeOkrMuQOg=="],

    "@oxfmt/binding-darwin-arm64": ["@oxfmt/binding-darwin-arm64@0.53.0", "", { "os": "darwin", "cpu": "arm64" }, "sha512-k2RjMcSTkHjoOlsVGbL35JVzXL+oQco3GHPl/5kjebVF4oHNfE24In8F5isqBh9LBJucycWHKDXdGrCchdWcHQ=="],

    "@oxfmt/binding-darwin-x64": ["@oxfmt/binding-darwin-x64@0.53.0", "", { "os": "darwin", "cpu": "x64" }, "sha512-65jIBE2H1l5SSs16fmv6/7b6sAx/WpvnsgDhVWK9qSjNFDUro7MPQ6q5UhpY7kl46yltfR046iAnxy/Bzqbiew=="],

    "@oxfmt/binding-freebsd-x64": ["@oxfmt/binding-freebsd-x64@0.53.0", "", { "os": "freebsd", "cpu": "x64" }, "sha512-oYe1gkz7U49PCYrS9147d2fJZj8mDI4Di6AvlsU5fu9p+Tq8S7qqOMSZjUiVTLX8bXuSA9Lk/tIxuegVjkNYRA=="],

    "@oxfmt/binding-linux-arm-gnueabihf": ["@oxfmt/binding-linux-arm-gnueabihf@0.53.0", "", { "os": "linux", "cpu": "arm" }, "sha512-ailB2vLzGi629tymdAb2VYJyEHref7oqGxP+tRBrtRBxQrb6NV55JMT7xtGZ8uTeG2+Y9zojqW4LhJYxQnz9Pg=="],

    "@oxfmt/binding-linux-arm-musleabihf": ["@oxfmt/binding-linux-arm-musleabihf@0.53.0", "", { "os": "linux", "cpu": "arm" }, "sha512-abh4mWBvOvD966sobqF7r103y2yYx7Rb4WGHLOS4+5igGqLbbPxS9aK5+45D6iUY7dWMsk3Muz9a8gUtufvqJA=="],

    "@oxfmt/binding-linux-arm64-gnu": ["@oxfmt/binding-linux-arm64-gnu@0.53.0", "", { "os": "linux", "cpu": "arm64" }, "sha512-z73PvuhJ8qA+cDbaiqbtopHglA91U4+y5wn2sTJJrnpB957d5P33FEuyP3DQIFd7ofljmDmfVT4G0CVGHZaJWg=="],

    "@oxfmt/binding-linux-arm64-musl": ["@oxfmt/binding-linux-arm64-musl@0.53.0", "", { "os": "linux", "cpu": "arm64" }, "sha512-I6bhOTroqc3ThrwZ89l2k3ivKuELhdPLbAcJhRNyjWvlgwb0vjRgEnVL1XLx5Jud04/ypNRZBykAWrSk6l/D+g=="],

    "@oxfmt/binding-linux-ppc64-gnu": ["@oxfmt/binding-linux-ppc64-gnu@0.53.0", "", { "os": "linux", "cpu": "ppc64" }, "sha512-w0p3JzB/PkkQjXALMJMqP9YfP3yq4w6zGsu5kezQmUnxRkN3b/Theg2l/nDgBsOcczxS3gL6Gam5XNAVrO6QJQ=="],

    "@oxfmt/binding-linux-riscv64-gnu": ["@oxfmt/binding-linux-riscv64-gnu@0.53.0", "", { "os": "linux", "cpu": "none" }, "sha512-mzBhF6k1Yq1K/dqDmVe/AAafnlJfEpx7yfUiksyeWXJk5iSzZqBSxcsa02zIytYgQFRZ7h6WPZfwHg/DoOE1Kw=="],

    "@oxfmt/binding-linux-riscv64-musl": ["@oxfmt/binding-linux-riscv64-musl@0.53.0", "", { "os": "linux", "cpu": "none" }, "sha512-AlFCpnRQhogQFzZXWbO6xB6/Udy745L+eQNmDPGg7G/OeWsYmJc4jZYfUN5pQg0reOPWSED2mOQqKZOJM1U8cA=="],

    "@oxfmt/binding-linux-s390x-gnu": ["@oxfmt/binding-linux-s390x-gnu@0.53.0", "", { "os": "linux", "cpu": "s390x" }, "sha512-XD4ulY4f1DWbuuZXAqxhVn+gdPmrhnmojWtFN78ctVoupmS845fGhsUrk1HZXKQI+iymbaiz9vAjPsghHNQ7Ag=="],

    "@oxfmt/binding-linux-x64-gnu": ["@oxfmt/binding-linux-x64-gnu@0.53.0", "", { "os": "linux", "cpu": "x64" }, "sha512-xg8KWX0QnxmYWRe60CgHYWXI0ZOtBbqTsXvWiWrcl2XUHJ3fht2QerOk2iWvylzX3zNT2GpvBRxGoR4d3sxPRQ=="],

    "@oxfmt/binding-linux-x64-musl": ["@oxfmt/binding-linux-x64-musl@0.53.0", "", { "os": "linux", "cpu": "x64" }, "sha512-MWExpYBGvl+pIvVB/gj/CcWlN2al8AizT7rUbtaYaWNoQkhWARM6W3qpgoCr72CYSN9PborzPmM5MIRe2BrNdA=="],

    "@oxfmt/binding-openharmony-arm64": ["@oxfmt/binding-openharmony-arm64@0.53.0", "", { "os": "none", "cpu": "arm64" }, "sha512-u4sajgO4nxgmJIgc/y2AqPhkdbOkQH8WugXpA1+pW0ESQhvGZ1oGq61Q4xMbJHJU1hFgtO18QNrcFYDPYH0gwQ=="],

    "@oxfmt/binding-win32-arm64-msvc": ["@oxfmt/binding-win32-arm64-msvc@0.53.0", "", { "os": "win32", "cpu": "arm64" }, "sha512-Yq9sOZoIOJ5xPjO0qOyHJS4CiPuTkB2en9auxZz7Ar2p5RaC7BzLyVVmAA7zz9/L9YnjjY1DwNxN+ivKXimN/A=="],

    "@oxfmt/binding-win32-ia32-msvc": ["@oxfmt/binding-win32-ia32-msvc@0.53.0", "", { "os": "win32", "cpu": "ia32" }, "sha512-es1fVNZEkBqEcQtBpn19SYFgZF7FawlkCjkT/iImfEAus4gun8fBwB1E9hpV5LcR9B0DBNvRIXhW8BQk3JaE+Q=="],

    "@oxfmt/binding-win32-x64-msvc": ["@oxfmt/binding-win32-x64-msvc@0.53.0", "", { "os": "win32", "cpu": "x64" }, "sha512-QFmJs2bEu9AO4O6qsmEaZNGi6dFq8N+rT8EHAAnZIq/B9SeJDUbc4DzVxQ48MfDsL7D3sCZzo37zuTuspcURgg=="],

    "@standard-schema/spec": ["@standard-schema/spec@1.1.0", "", {}, "sha512-l2aFy5jALhniG5HgqrD6jXLi/rUWrKvqN/qJx6yoJsgKhblVd+iqqU4RCXavm/jPityDo5TCvKMnpjKnOriy0w=="],

    "@tybys/wasm-util": ["@tybys/wasm-util@0.10.3", "", { "dependencies": { "tslib": "^2.4.0" } }, "sha512-F3fo1MYrRJYL3zER0OUOmkutjr1Vp23m7OsSgp7nq4SP6OqX6C/56XFIPAl5bt3zaBRjmW7SGz3u/6LwFpYcOg=="],

    "@types/bun": ["@types/bun@1.3.14", "", { "dependencies": { "bun-types": "1.3.14" } }, "sha512-h1hFqFVcvAvD9j9K7ZW7vd82aSA+rTdznZa+5bwvCwqSB1jmmfLcbIWhOLx1/+boy/xmjgCs/OMUL8hRJSmnPw=="],

    "@types/node": ["@types/node@26.1.1", "", { "dependencies": { "undici-types": "~8.3.0" } }, "sha512-nxAkRSVkN1Y0JC1W8ky/fTfkGsMmcrRsbx+3XoZE+rMOX71kLYTV7fLXpqud1GpbpP5TuffXFqfX7fH2GgZREw=="],

    "@typescript/native-preview": ["@typescript/native-preview@7.0.0-dev.20260707.2", "", { "optionalDependencies": { "@typescript/native-preview-darwin-arm64": "7.0.0-dev.20260707.2", "@typescript/native-preview-darwin-x64": "7.0.0-dev.20260707.2", "@typescript/native-preview-linux-arm": "7.0.0-dev.20260707.2", "@typescript/native-preview-linux-arm64": "7.0.0-dev.20260707.2", "@typescript/native-preview-linux-x64": "7.0.0-dev.20260707.2", "@typescript/native-preview-win32-arm64": "7.0.0-dev.20260707.2", "@typescript/native-preview-win32-x64": "7.0.0-dev.20260707.2" }, "bin": { "tsgo": "bin/tsgo" } }, "sha512-oUGp+Rep/hqMhPunyinsALUwSlzHINSxitifPiSaeqoKOKD2OlR9NE3TaPqwsl4NlGslsOSUXI1JotWQzpYCPg=="],

    "@typescript/native-preview-darwin-arm64": ["@typescript/native-preview-darwin-arm64@7.0.0-dev.20260707.2", "", { "os": "darwin", "cpu": "arm64" }, "sha512-wny2pgKjGbiZtnOIHVa3tXC1UfDqxNEFzyPGmiqybedG8hipG2Nfp0l5UxbaKCjkLacUpH/W5bP2hBOMVhCOzg=="],

    "@typescript/native-preview-darwin-x64": ["@typescript/native-preview-darwin-x64@7.0.0-dev.20260707.2", "", { "os": "darwin", "cpu": "x64" }, "sha512-Afc7M5zOwo+GpfcYwz5Z8HMB2tPVsui7nNIqEuuFB73MPdVqNn/Wmpe4tP4MRri0AtJnJknoHBaTJ/VDAp/Jhw=="],

    "@typescript/native-preview-linux-arm": ["@typescript/native-preview-linux-arm@7.0.0-dev.20260707.2", "", { "os": "linux", "cpu": "arm" }, "sha512-hJm/UOqZTr9FHmR7uNm8VGX4oKtfWk0Jem0zPeJFNC8ckGUfSBueyiEYMZB+XmRc1aG4x1E46y3CplP4CLHvGQ=="],

    "@typescript/native-preview-linux-arm64": ["@typescript/native-preview-linux-arm64@7.0.0-dev.20260707.2", "", { "os": "linux", "cpu": "arm64" }, "sha512-iITBa2WjjTI5N9t5l7Z4KoOSI+2zBlhbvFzsD/f8qX8QoKjz/Y4DPyBDgezYi8nkqjjksbgSOJ3/ykzhwrB9cg=="],

    "@typescript/native-preview-linux-x64": ["@typescript/native-preview-linux-x64@7.0.0-dev.20260707.2", "", { "os": "linux", "cpu": "x64" }, "sha512-du0dzi6y97Po5vDNdPJTyyijHCpaS22JLRnKZEJXBDaO9gCIymOv/5QQokFRuOlQm0bWl3i9PF4OVdGP6uAOQA=="],

    "@typescript/native-preview-win32-arm64": ["@typescript/native-preview-win32-arm64@7.0.0-dev.20260707.2", "", { "os": "win32", "cpu": "arm64" }, "sha512-SsAwfhyHJ1akgBc+99z4+hwdbHsdWaKB8EwCNIMA6JfSLMeUjffrYvxu+vfMyxVtOVOz7RrRXRoiDiu4a2sCtg=="],

    "@typescript/native-preview-win32-x64": ["@typescript/native-preview-win32-x64@7.0.0-dev.20260707.2", "", { "os": "win32", "cpu": "x64" }, "sha512-DL4u27stv0fo71sVhOzHSwE+YMZsbBijVI+kg5dLDLilSH79WFTJ8RSQ46vJrCMt+Gjlv/JOZP1PuLJDfioYeQ=="],

    "@typescript/old": ["@typescript/typescript6@6.0.2", "", { "dependencies": { "@typescript/old": "npm:typescript@^6" }, "bin": { "tsc6": "bin/tsc6" } }, "sha512-mbCddXd+jm7hfx7w2YU64/Av4/NqqeG3GoRZgxPcgoTxYjhrcfJRw9ULch71SS4G+Q3bOXFhRvPqjguN0Hyp5w=="],

    "@valibot/to-json-schema": ["@valibot/to-json-schema@1.7.1", "", { "peerDependencies": { "valibot": "^1.4.0" } }, "sha512-3qkmU6KXWh8GIThEAW3kuRHPQBMjWkKy+Ppz3WkUucx53DTpOa6siMn4xDGSOhlVyMrDaJTCTMLYPZVAIk1P0A=="],

    "argc": ["argc@github:ethan-huo/argc#f7a5ebb", { "dependencies": { "oxc-parser": "0.137.0", "yaml": "2.9.0" }, "peerDependencies": { "@standard-schema/spec": "^1.0.0" } }, "ethan-huo-argc-f7a5ebb", "sha512-8g/VzRGZnfZxebjn7jryYEM2fI9aBurK3XAqiacsOUGugVrztP98MGHT2Sn/Bxlp4Z61SGv2I/RU8/qCwWZ22A=="],

    "bun-types": ["bun-types@1.3.14", "", { "dependencies": { "@types/node": "*" } }, "sha512-4N0ig0fEomHt5R0KCFWjovxow98rIoRwKolrYdCcknNwMekCXRnWEUvgu5soYV8QXtVsrUD8B95MBOZGPvr6KQ=="],

    "oxc-parser": ["oxc-parser@0.137.0", "", { "dependencies": { "@oxc-project/types": "^0.137.0" }, "optionalDependencies": { "@oxc-parser/binding-android-arm-eabi": "0.137.0", "@oxc-parser/binding-android-arm64": "0.137.0", "@oxc-parser/binding-darwin-arm64": "0.137.0", "@oxc-parser/binding-darwin-x64": "0.137.0", "@oxc-parser/binding-freebsd-x64": "0.137.0", "@oxc-parser/binding-linux-arm-gnueabihf": "0.137.0", "@oxc-parser/binding-linux-arm-musleabihf": "0.137.0", "@oxc-parser/binding-linux-arm64-gnu": "0.137.0", "@oxc-parser/binding-linux-arm64-musl": "0.137.0", "@oxc-parser/binding-linux-ppc64-gnu": "0.137.0", "@oxc-parser/binding-linux-riscv64-gnu": "0.137.0", "@oxc-parser/binding-linux-riscv64-musl": "0.137.0", "@oxc-parser/binding-linux-s390x-gnu": "0.137.0", "@oxc-parser/binding-linux-x64-gnu": "0.137.0", "@oxc-parser/binding-linux-x64-musl": "0.137.0", "@oxc-parser/binding-openharmony-arm64": "0.137.0", "@oxc-parser/binding-wasm32-wasi": "0.137.0", "@oxc-parser/binding-win32-arm64-msvc": "0.137.0", "@oxc-parser/binding-win32-ia32-msvc": "0.137.0", "@oxc-parser/binding-win32-x64-msvc": "0.137.0" } }, "sha512-yFImD+WLElJpLKy8llG1qe4DCmMsL18peRp8XP1JKfig/gISbJkglnpDtX2aTmAn10kZF7164HbN2H8QPsXxGg=="],

    "oxfmt": ["oxfmt@0.53.0", "", { "dependencies": { "tinypool": "2.1.0" }, "optionalDependencies": { "@oxfmt/binding-android-arm-eabi": "0.53.0", "@oxfmt/binding-android-arm64": "0.53.0", "@oxfmt/binding-darwin-arm64": "0.53.0", "@oxfmt/binding-darwin-x64": "0.53.0", "@oxfmt/binding-freebsd-x64": "0.53.0", "@oxfmt/binding-linux-arm-gnueabihf": "0.53.0", "@oxfmt/binding-linux-arm-musleabihf": "0.53.0", "@oxfmt/binding-linux-arm64-gnu": "0.53.0", "@oxfmt/binding-linux-arm64-musl": "0.53.0", "@oxfmt/binding-linux-ppc64-gnu": "0.53.0", "@oxfmt/binding-linux-riscv64-gnu": "0.53.0", "@oxfmt/binding-linux-riscv64-musl": "0.53.0", "@oxfmt/binding-linux-s390x-gnu": "0.53.0", "@oxfmt/binding-linux-x64-gnu": "0.53.0", "@oxfmt/binding-linux-x64-musl": "0.53.0", "@oxfmt/binding-openharmony-arm64": "0.53.0", "@oxfmt/binding-win32-arm64-msvc": "0.53.0", "@oxfmt/binding-win32-ia32-msvc": "0.53.0", "@oxfmt/binding-win32-x64-msvc": "0.53.0" }, "peerDependencies": { "svelte": "^5.0.0", "vite-plus": "*" }, "optionalPeers": ["svelte", "vite-plus"], "bin": { "oxfmt": "bin/oxfmt" } }, "sha512-9cB5glS3Ip6NMuZ+6NYTao9FCWkDhRtPYCtR3QBu/NxHoFbgzzTvi41N4jxz/GqGfuLKspui1qb/LlSu2IbMcw=="],

    "tinypool": ["tinypool@2.1.0", "", {}, "sha512-Pugqs6M0m7Lv1I7FtxN4aoyToKg1C4tu+/381vH35y8oENM/Ai7f7C4StcoK4/+BSw9ebcS8jRiVrORFKCALLw=="],

    "tslib": ["tslib@2.8.1", "", {}, "sha512-oJFu94HQb+KVduSUQL7wnpmqnfmLsOA/nAh6b6EH0wCEoK0/mPeXU6c3wKDV83MkOuHPRHtSXKKU99IBazS/2w=="],

    "typescript": ["@typescript/typescript6@6.0.2", "", { "dependencies": { "@typescript/old": "npm:typescript@^6" }, "bin": { "tsc6": "bin/tsc6" } }, "sha512-mbCddXd+jm7hfx7w2YU64/Av4/NqqeG3GoRZgxPcgoTxYjhrcfJRw9ULch71SS4G+Q3bOXFhRvPqjguN0Hyp5w=="],

    "undici-types": ["undici-types@8.3.0", "", {}, "sha512-j375ScV60dom+YkPFIfTLcOiPxkN/buHz5GobjLhixFuANaNs3C9l4GmrWqejgXWJ7BbJcFYpTEUkS1Ge8bpZQ=="],

    "valibot": ["valibot@1.4.2", "", { "peerDependencies": { "typescript": ">=5" }, "optionalPeers": ["typescript"] }, "sha512-gjdCvJ6d3RyHAneqxMYMW9QMCwYMb3jpOO0IyHZV1bnRHFBHrX3VkIILt5XYR0WhwHiH7Mty8ovuPZ/O3gamrg=="],

    "yaml": ["yaml@2.9.0", "", { "bin": { "yaml": "bin.mjs" } }, "sha512-2AvhNX3mb8zd6Zy7INTtSpl1F15HW6Wnqj0srWlkKLcpYl/gMIMJiyuGq2KeI2YFxUPjdlB+3Lc10seMLtL4cA=="],
  }
}
